# This file is automatically @generated by Cargo.
# It is not intended for manual editing.
version = 4

[[package]]
name = "sessionscope-classifier"
version = "0.1.0"
dependencies = [
 "sessionscope-model",
]

[[package]]
name = "sessionscope-cli"
version = "0.1.0"
dependencies = [
 "sessionscope-classifier",
 "sessionscope-core",
 "sessionscope-detectors",
 "sessionscope-reporters",
]

[[package]]
name = "sessionscope-core"
version = "0.1.0"
dependencies = [
 "sessionscope-detectors",
 "sessionscope-model",
]

[[package]]
name = "sessionscope-detectors"
version = "0.1.0"
dependencies = [
 "sessionscope-model",
]

[[package]]
name = "sessionscope-model"
version = "0.1.0"

[[package]]
name = "sessionscope-reporters"
version = "0.1.0"
dependencies = [
 "sessionscope-model",
]

[[package]]
name = "sessionscope-testing"
version = "0.1.0"
